{
  "version": 4,
  "terraform_version": "1.12.2",
  "serial": 15,
  "lineage": "17ab5d4a-4fbd-3a5a-9b65-7b0c52263a85",
  "outputs": {
    "consul_external_ip": {
      "value": "34.14.79.47",
      "type": "string"
    },
    "consul_ui_url": {
      "value": "http://34.14.79.47:8500/ui",
      "type": "string"
    },
    "haproxy_external_ip": {
      "value": "35.187.181.108",
      "type": "string"
    },
    "haproxy_stats_url": {
      "value": "http://35.187.181.108:8404/stats",
      "type": "string"
    },
    "observer_external_ip": {
      "value": "35.187.90.64",
      "type": "string"
    },
    "patroni_1_external_ip": {
      "value": "34.77.84.114",
      "type": "string"
    },
    "patroni_2_external_ip": {
      "value": "104.199.13.191",
      "type": "string"
    },
    "patroni_3_external_ip": {
      "value": "34.38.193.53",
      "type": "string"
    },
    "pg_connstring_haproxy": {
      "value": "host=35.187.181.108 port=5000 dbname=postgres user=postgres password=postgres connect_timeout=5",
      "type": "string"
    },
    "ssh_commands": {
      "value": {
        "consul_srv": "ssh deploy@34.14.79.47",
        "haproxy": "ssh deploy@35.187.181.108",
        "observer": "ssh deploy@35.187.90.64",
        "patroni_1": "ssh deploy@34.77.84.114",
        "patroni_2": "ssh deploy@104.199.13.191",
        "patroni_3": "ssh deploy@34.38.193.53"
      },
      "type": [
        "object",
        {
          "consul_srv": "string",
          "haproxy": "string",
          "observer": "string",
          "patroni_1": "string",
          "patroni_2": "string",
          "patroni_3": "string"
        }
      ]
    }
  },
  "resources": [
    {
      "mode": "managed",
      "type": "local_file",
      "name": "ansible_inventory",
      "provider": "provider[\"registry.terraform.io/hashicorp/local\"]",
      "instances": [
        {
          "schema_version": 0,
          "attributes": {
            "content": "[patroni]\npatroni-1 ansible_host=34.77.84.114 internal_ip=10.0.1.10\npatroni-2 ansible_host=104.199.13.191 internal_ip=10.0.1.11\npatroni-3 ansible_host=34.38.193.53 internal_ip=10.0.1.12\n\n[consul]\nconsul-srv ansible_host=34.14.79.47 internal_ip=10.0.1.20\n\n[haproxy]\nhaproxy ansible_host=35.187.181.108 internal_ip=10.0.1.30\n\n[observer]\nobserver ansible_host=35.187.90.64 internal_ip=10.0.1.40\n\n[all:vars]\nansible_user=deploy\nansible_ssh_private_key_file=~/.ssh/id_rsa\nansible_ssh_common_args='-o StrictHostKeyChecking=no'\n",
            "content_base64": null,
            "content_base64sha256": "J5dyw7cE+4+0JILmTifwfwx5J0xpu7E1SEsdawGZzRg=",
            "content_base64sha512": "2puQ+3PF1m+adNe3PLUpiFa9i8oMBjZGLD+U/NTv291IM642vt3mWOdyxjTiRv4b2BUKv/B94G97j2hjpv8cSA==",
            "content_md5": "c2ba9b7e6dcefcb3c9d6a2107295ac99",
            "content_sha1": "8316b325607e610845eb1087b9c2883d94b196c9",
            "content_sha256": "279772c3b704fb8fb42482e64e27f07f0c79274c69bbb135484b1d6b0199cd18",
            "content_sha512": "da9b90fb73c5d66f9a74d7b73cb5298856bd8bca0c0636462c3f94fcd4efdbdd4833ae36bedde658e772c634e246fe1bd8150abff07de06f7b8f6863a6ff1c48",
            "directory_permission": "0777",
            "file_permission": "0777",
            "filename": "./../ansible/inventory/gcp.ini",
            "id": "8316b325607e610845eb1087b9c2883d94b196c9",
            "sensitive_content": null,
            "source": null
          },
          "sensitive_attributes": [
            [
              {
                "type": "get_attr",
                "value": "sensitive_content"
              }
            ]
          ],
          "identity_schema_version": 0,
          "dependencies": [
            "module.consul_srv.google_compute_instance.vm",
            "module.haproxy.google_compute_instance.vm",
            "module.network.google_compute_network.prb",
            "module.network.google_compute_subnetwork.prb",
            "module.observer.google_compute_instance.vm",
            "module.patroni_1.google_compute_instance.vm",
            "module.patroni_2.google_compute_instance.vm",
            "module.patroni_3.google_compute_instance.vm"
          ]
        }
      ]
    },
    {
      "module": "module.consul_srv",
      "mode": "managed",
      "type": "google_compute_instance",
      "name": "vm",
      "provider": "provider[\"registry.terraform.io/hashicorp/google\"]",
      "instances": [
        {
          "schema_version": 6,
          "attributes": {
            "advanced_machine_features": [],
            "allow_stopping_for_update": true,
            "attached_disk": [],
            "boot_disk": [
              {
                "auto_delete": true,
                "device_name": "persistent-disk-0",
                "disk_encryption_key_raw": "",
                "disk_encryption_key_sha256": "",
                "initialize_params": [
                  {
                    "enable_confidential_compute": false,
                    "image": "https://www.googleapis.com/compute/v1/projects/ubuntu-os-cloud/global/images/ubuntu-2404-noble-amd64-v20260503",
                    "labels": {},
                    "provisioned_iops": 0,
                    "provisioned_throughput": 0,
                    "resource_manager_tags": null,
                    "size": 20,
                    "storage_pool": "",
                    "type": "pd-ssd"
                  }
                ],
                "kms_key_self_link": "",
                "mode": "READ_WRITE",
                "source": "https://www.googleapis.com/compute/v1/projects/patroni-bench/zones/europe-west1-b/disks/consul-srv"
              }
            ],
            "can_ip_forward": false,
            "confidential_instance_config": [],
            "cpu_platform": "Intel Broadwell",
            "current_status": "RUNNING",
            "deletion_protection": false,
            "description": "",
            "desired_status": null,
            "effective_labels": {
              "env": "prb",
              "role": "consul"
            },
            "enable_display": false,
            "guest_accelerator": [],
            "hostname": "",
            "id": "projects/patroni-bench/zones/europe-west1-b/instances/consul-srv",
            "instance_id": "1567090057348967613",
            "label_fingerprint": "y05tkSvFToY=",
            "labels": {
              "env": "prb",
              "role": "consul"
            },
            "machine_type": "e2-small",
            "metadata": {
              "block-project-ssh-keys": "true",
              "ssh-keys": "deploy:ssh-ed25519 AAAAC3NzaC1lZDI1NTE5AAAAIFosB2upd2duiOU6ZWnT5OuReEl3wy1EO5CFMiRg8n4l lluesma@patroni-bench\n"
            },
            "metadata_fingerprint": "HrXdplIKzDc=",
            "metadata_startup_script": null,
            "min_cpu_platform": "",
            "name": "consul-srv",
            "network_interface": [
              {
                "access_config": [
                  {
                    "nat_ip": "34.14.79.47",
                    "network_tier": "PREMIUM",
                    "public_ptr_domain_name": ""
                  }
                ],
                "alias_ip_range": [],
                "internal_ipv6_prefix_length": 0,
                "ipv6_access_config": [],
                "ipv6_access_type": "",
                "ipv6_address": "",
                "name": "nic0",
                "network": "https://www.googleapis.com/compute/v1/projects/patroni-bench/global/networks/prb-network",
                "network_ip": "10.0.1.20",
                "nic_type": "",
                "queue_count": 0,
                "stack_type": "IPV4_ONLY",
                "subnetwork": "https://www.googleapis.com/compute/v1/projects/patroni-bench/regions/europe-west1/subnetworks/prb-subnet",
                "subnetwork_project": "patroni-bench"
              }
            ],
            "network_performance_config": [],
            "params": [],
            "project": "patroni-bench",
            "reservation_affinity": [],
            "resource_policies": null,
            "scheduling": [
              {
                "automatic_restart": true,
                "instance_termination_action": "",
                "local_ssd_recovery_timeout": [],
                "max_run_duration": [],
                "min_node_cpus": 0,
                "node_affinities": [],
                "on_host_maintenance": "MIGRATE",
                "on_instance_stop_action": [],
                "preemptible": false,
                "provisioning_model": "STANDARD"
              }
            ],
            "scratch_disk": [],
            "self_link": "https://www.googleapis.com/compute/v1/projects/patroni-bench/zones/europe-west1-b/instances/consul-srv",
            "service_account": [],
            "shielded_instance_config": [
              {
                "enable_integrity_monitoring": true,
                "enable_secure_boot": false,
                "enable_vtpm": true
              }
            ],
            "tags": [
              "consul"
            ],
            "tags_fingerprint": "MmxraX72Rqk=",
            "terraform_labels": {
              "env": "prb",
              "role": "consul"
            },
            "timeouts": null,
            "zone": "europe-west1-b"
          },
          "sensitive_attributes": [
            [
              {
                "type": "get_attr",
                "value": "boot_disk"
              },
              {
                "type": "index",
                "value": {
                  "value": 0,
                  "type": "number"
                }
              },
              {
                "type": "get_attr",
                "value": "disk_encryption_key_raw"
              }
            ]
          ],
          "identity_schema_version": 0,
          "private": "eyJlMmJmYjczMC1lY2FhLTExZTYtOGY4OC0zNDM2M2JjN2M0YzAiOnsiY3JlYXRlIjoxMjAwMDAwMDAwMDAwLCJkZWxldGUiOjEyMDAwMDAwMDAwMDAsInVwZGF0ZSI6MTIwMDAwMDAwMDAwMH0sInNjaGVtYV92ZXJzaW9uIjoiNiJ9",
          "dependencies": [
            "module.network.google_compute_network.prb",
            "module.network.google_compute_subnetwork.prb"
          ]
        }
      ]
    },
    {
      "module": "module.haproxy",
      "mode": "managed",
      "type": "google_compute_instance",
      "name": "vm",
      "provider": "provider[\"registry.terraform.io/hashicorp/google\"]",
      "instances": [
        {
          "schema_version": 6,
          "attributes": {
            "advanced_machine_features": [],
            "allow_stopping_for_update": true,
            "attached_disk": [],
            "boot_disk": [
              {
                "auto_delete": true,
                "device_name": "persistent-disk-0",
                "disk_encryption_key_raw": "",
                "disk_encryption_key_sha256": "",
                "initialize_params": [
                  {
                    "enable_confidential_compute": false,
                    "image": "https://www.googleapis.com/compute/v1/projects/ubuntu-os-cloud/global/images/ubuntu-2404-noble-amd64-v20260503",
                    "labels": {},
                    "provisioned_iops": 0,
                    "provisioned_throughput": 0,
                    "resource_manager_tags": null,
                    "size": 20,
                    "storage_pool": "",
                    "type": "pd-ssd"
                  }
                ],
                "kms_key_self_link": "",
                "mode": "READ_WRITE",
                "source": "https://www.googleapis.com/compute/v1/projects/patroni-bench/zones/europe-west1-b/disks/haproxy"
              }
            ],
            "can_ip_forward": false,
            "confidential_instance_config": [],
            "cpu_platform": "Intel Broadwell",
            "current_status": "RUNNING",
            "deletion_protection": false,
            "description": "",
            "desired_status": null,
            "effective_labels": {
              "env": "prb",
              "role": "haproxy"
            },
            "enable_display": false,
            "guest_accelerator": [],
            "hostname": "",
            "id": "projects/patroni-bench/zones/europe-west1-b/instances/haproxy",
            "instance_id": "8617040593242352829",
            "label_fingerprint": "kZm3M8PX_ao=",
            "labels": {
              "env": "prb",
              "role": "haproxy"
            },
            "machine_type": "e2-small",
            "metadata": {
              "block-project-ssh-keys": "true",
              "ssh-keys": "deploy:ssh-ed25519 AAAAC3NzaC1lZDI1NTE5AAAAIFosB2upd2duiOU6ZWnT5OuReEl3wy1EO5CFMiRg8n4l lluesma@patroni-bench\n"
            },
            "metadata_fingerprint": "HrXdplIKzDc=",
            "metadata_startup_script": null,
            "min_cpu_platform": "",
            "name": "haproxy",
            "network_interface": [
              {
                "access_config": [
                  {
                    "nat_ip": "35.187.181.108",
                    "network_tier": "PREMIUM",
                    "public_ptr_domain_name": ""
                  }
                ],
                "alias_ip_range": [],
                "internal_ipv6_prefix_length": 0,
                "ipv6_access_config": [],
                "ipv6_access_type": "",
                "ipv6_address": "",
                "name": "nic0",
                "network": "https://www.googleapis.com/compute/v1/projects/patroni-bench/global/networks/prb-network",
                "network_ip": "10.0.1.30",
                "nic_type": "",
                "queue_count": 0,
                "stack_type": "IPV4_ONLY",
                "subnetwork": "https://www.googleapis.com/compute/v1/projects/patroni-bench/regions/europe-west1/subnetworks/prb-subnet",
                "subnetwork_project": "patroni-bench"
              }
            ],
            "network_performance_config": [],
            "params": [],
            "project": "patroni-bench",
            "reservation_affinity": [],
            "resource_policies": null,
            "scheduling": [
              {
                "automatic_restart": true,
                "instance_termination_action": "",
                "local_ssd_recovery_timeout": [],
                "max_run_duration": [],
                "min_node_cpus": 0,
                "node_affinities": [],
                "on_host_maintenance": "MIGRATE",
                "on_instance_stop_action": [],
                "preemptible": false,
                "provisioning_model": "STANDARD"
              }
            ],
            "scratch_disk": [],
            "self_link": "https://www.googleapis.com/compute/v1/projects/patroni-bench/zones/europe-west1-b/instances/haproxy",
            "service_account": [],
            "shielded_instance_config": [
              {
                "enable_integrity_monitoring": true,
                "enable_secure_boot": false,
                "enable_vtpm": true
              }
            ],
            "tags": [
              "haproxy"
            ],
            "tags_fingerprint": "j_16JSJX110=",
            "terraform_labels": {
              "env": "prb",
              "role": "haproxy"
            },
            "timeouts": null,
            "zone": "europe-west1-b"
          },
          "sensitive_attributes": [
            [
              {
                "type": "get_attr",
                "value": "boot_disk"
              },
              {
                "type": "index",
                "value": {
                  "value": 0,
                  "type": "number"
                }
              },
              {
                "type": "get_attr",
                "value": "disk_encryption_key_raw"
              }
            ]
          ],
          "identity_schema_version": 0,
          "private": "eyJlMmJmYjczMC1lY2FhLTExZTYtOGY4OC0zNDM2M2JjN2M0YzAiOnsiY3JlYXRlIjoxMjAwMDAwMDAwMDAwLCJkZWxldGUiOjEyMDAwMDAwMDAwMDAsInVwZGF0ZSI6MTIwMDAwMDAwMDAwMH0sInNjaGVtYV92ZXJzaW9uIjoiNiJ9",
          "dependencies": [
            "module.network.google_compute_network.prb",
            "module.network.google_compute_subnetwork.prb"
          ]
        }
      ]
    },
    {
      "module": "module.network",
      "mode": "managed",
      "type": "google_compute_firewall",
      "name": "haproxy_external",
      "provider": "provider[\"registry.terraform.io/hashicorp/google\"]",
      "instances": [
        {
          "schema_version": 1,
          "attributes": {
            "allow": [
              {
                "ports": [
                  "5000",
                  "5001",
                  "8404"
                ],
                "protocol": "tcp"
              }
            ],
            "creation_timestamp": "2026-05-04T19:13:11.947-07:00",
            "deny": [],
            "description": "",
            "destination_ranges": [],
            "direction": "INGRESS",
            "disabled": false,
            "enable_logging": null,
            "id": "projects/patroni-bench/global/firewalls/prb-network-haproxy-external",
            "log_config": [],
            "name": "prb-network-haproxy-external",
            "network": "https://www.googleapis.com/compute/v1/projects/patroni-bench/global/networks/prb-network",
            "priority": 1000,
            "project": "patroni-bench",
            "self_link": "https://www.googleapis.com/compute/v1/projects/patroni-bench/global/firewalls/prb-network-haproxy-external",
            "source_ranges": [
              "0.0.0.0/0"
            ],
            "source_service_accounts": null,
            "source_tags": null,
            "target_service_accounts": null,
            "target_tags": [
              "haproxy"
            ],
            "timeouts": null
          },
          "sensitive_attributes": [],
          "identity_schema_version": 0,
          "private": "eyJlMmJmYjczMC1lY2FhLTExZTYtOGY4OC0zNDM2M2JjN2M0YzAiOnsiY3JlYXRlIjoxMjAwMDAwMDAwMDAwLCJkZWxldGUiOjEyMDAwMDAwMDAwMDAsInVwZGF0ZSI6MTIwMDAwMDAwMDAwMH0sInNjaGVtYV92ZXJzaW9uIjoiMSJ9",
          "dependencies": [
            "module.network.google_compute_network.prb"
          ]
        }
      ]
    },
    {
      "module": "module.network",
      "mode": "managed",
      "type": "google_compute_firewall",
      "name": "internal",
      "provider": "provider[\"registry.terraform.io/hashicorp/google\"]",
      "instances": [
        {
          "schema_version": 1,
          "attributes": {
            "allow": [
              {
                "ports": [],
                "protocol": "icmp"
              },
              {
                "ports": [],
                "protocol": "tcp"
              },
              {
                "ports": [],
                "protocol": "udp"
              }
            ],
            "creation_timestamp": "2026-05-04T19:13:13.268-07:00",
            "deny": [],
            "description": "",
            "destination_ranges": [],
            "direction": "INGRESS",
            "disabled": false,
            "enable_logging": null,
            "id": "projects/patroni-bench/global/firewalls/prb-network-internal",
            "log_config": [],
            "name": "prb-network-internal",
            "network": "https://www.googleapis.com/compute/v1/projects/patroni-bench/global/networks/prb-network",
            "priority": 1000,
            "project": "patroni-bench",
            "self_link": "https://www.googleapis.com/compute/v1/projects/patroni-bench/global/firewalls/prb-network-internal",
            "source_ranges": [
              "10.0.1.0/24"
            ],
            "source_service_accounts": null,
            "source_tags": null,
            "target_service_accounts": null,
            "target_tags": null,
            "timeouts": null
          },
          "sensitive_attributes": [],
          "identity_schema_version": 0,
          "private": "eyJlMmJmYjczMC1lY2FhLTExZTYtOGY4OC0zNDM2M2JjN2M0YzAiOnsiY3JlYXRlIjoxMjAwMDAwMDAwMDAwLCJkZWxldGUiOjEyMDAwMDAwMDAwMDAsInVwZGF0ZSI6MTIwMDAwMDAwMDAwMH0sInNjaGVtYV92ZXJzaW9uIjoiMSJ9",
          "dependencies": [
            "module.network.google_compute_network.prb"
          ]
        }
      ]
    },
    {
      "module": "module.network",
      "mode": "managed",
      "type": "google_compute_firewall",
      "name": "observer_external",
      "provider": "provider[\"registry.terraform.io/hashicorp/google\"]",
      "instances": [
        {
          "schema_version": 1,
          "attributes": {
            "allow": [
              {
                "ports": [
                  "3000",
                  "5433"
                ],
                "protocol": "tcp"
              }
            ],
            "creation_timestamp": "2026-05-04T19:13:12.052-07:00",
            "deny": [],
            "description": "",
            "destination_ranges": [],
            "direction": "INGRESS",
            "disabled": false,
            "enable_logging": null,
            "id": "projects/patroni-bench/global/firewalls/prb-network-observer-external",
            "log_config": [],
            "name": "prb-network-observer-external",
            "network": "https://www.googleapis.com/compute/v1/projects/patroni-bench/global/networks/prb-network",
            "priority": 1000,
            "project": "patroni-bench",
            "self_link": "https://www.googleapis.com/compute/v1/projects/patroni-bench/global/firewalls/prb-network-observer-external",
            "source_ranges": [
              "0.0.0.0/0"
            ],
            "source_service_accounts": null,
            "source_tags": null,
            "target_service_accounts": null,
            "target_tags": [
              "observer"
            ],
            "timeouts": null
          },
          "sensitive_attributes": [],
          "identity_schema_version": 0,
          "private": "eyJlMmJmYjczMC1lY2FhLTExZTYtOGY4OC0zNDM2M2JjN2M0YzAiOnsiY3JlYXRlIjoxMjAwMDAwMDAwMDAwLCJkZWxldGUiOjEyMDAwMDAwMDAwMDAsInVwZGF0ZSI6MTIwMDAwMDAwMDAwMH0sInNjaGVtYV92ZXJzaW9uIjoiMSJ9",
          "dependencies": [
            "module.network.google_compute_network.prb"
          ]
        }
      ]
    },
    {
      "module": "module.network",
      "mode": "managed",
      "type": "google_compute_firewall",
      "name": "ssh",
      "provider": "provider[\"registry.terraform.io/hashicorp/google\"]",
      "instances": [
        {
          "schema_version": 1,
          "attributes": {
            "allow": [
              {
                "ports": [
                  "22"
                ],
                "protocol": "tcp"
              }
            ],
            "creation_timestamp": "2026-05-04T19:13:12.015-07:00",
            "deny": [],
            "description": "",
            "destination_ranges": [],
            "direction": "INGRESS",
            "disabled": false,
            "enable_logging": null,
            "id": "projects/patroni-bench/global/firewalls/prb-network-ssh",
            "log_config": [],
            "name": "prb-network-ssh",
            "network": "https://www.googleapis.com/compute/v1/projects/patroni-bench/global/networks/prb-network",
            "priority": 1000,
            "project": "patroni-bench",
            "self_link": "https://www.googleapis.com/compute/v1/projects/patroni-bench/global/firewalls/prb-network-ssh",
            "source_ranges": [
              "0.0.0.0/0"
            ],
            "source_service_accounts": null,
            "source_tags": null,
            "target_service_accounts": null,
            "target_tags": [
              "consul",
              "haproxy",
              "observer",
              "patroni"
            ],
            "timeouts": null
          },
          "sensitive_attributes": [],
          "identity_schema_version": 0,
          "private": "eyJlMmJmYjczMC1lY2FhLTExZTYtOGY4OC0zNDM2M2JjN2M0YzAiOnsiY3JlYXRlIjoxMjAwMDAwMDAwMDAwLCJkZWxldGUiOjEyMDAwMDAwMDAwMDAsInVwZGF0ZSI6MTIwMDAwMDAwMDAwMH0sInNjaGVtYV92ZXJzaW9uIjoiMSJ9",
          "dependencies": [
            "module.network.google_compute_network.prb"
          ]
        }
      ]
    },
    {
      "module": "module.network",
      "mode": "managed",
      "type": "google_compute_network",
      "name": "prb",
      "provider": "provider[\"registry.terraform.io/hashicorp/google\"]",
      "instances": [
        {
          "schema_version": 0,
          "attributes": {
            "auto_create_subnetworks": false,
            "delete_default_routes_on_create": false,
            "description": "",
            "enable_ula_internal_ipv6": false,
            "gateway_ipv4": "",
            "id": "projects/patroni-bench/global/networks/prb-network",
            "internal_ipv6_range": "",
            "mtu": 0,
            "name": "prb-network",
            "network_firewall_policy_enforcement_order": "AFTER_CLASSIC_FIREWALL",
            "numeric_id": "8866262238165789901",
            "project": "patroni-bench",
            "routing_mode": "REGIONAL",
            "self_link": "https://www.googleapis.com/compute/v1/projects/patroni-bench/global/networks/prb-network",
            "timeouts": null
          },
          "sensitive_attributes": [],
          "identity_schema_version": 0,
          "private": "eyJlMmJmYjczMC1lY2FhLTExZTYtOGY4OC0zNDM2M2JjN2M0YzAiOnsiY3JlYXRlIjoxMjAwMDAwMDAwMDAwLCJkZWxldGUiOjEyMDAwMDAwMDAwMDAsInVwZGF0ZSI6MTIwMDAwMDAwMDAwMH19"
        }
      ]
    },
    {
      "module": "module.network",
      "mode": "managed",
      "type": "google_compute_subnetwork",
      "name": "prb",
      "provider": "provider[\"registry.terraform.io/hashicorp/google\"]",
      "instances": [
        {
          "schema_version": 0,
          "attributes": {
            "creation_timestamp": "2026-05-04T19:13:14.905-07:00",
            "description": "",
            "external_ipv6_prefix": "",
            "fingerprint": null,
            "gateway_address": "10.0.1.1",
            "id": "projects/patroni-bench/regions/europe-west1/subnetworks/prb-subnet",
            "internal_ipv6_prefix": "",
            "ip_cidr_range": "10.0.1.0/24",
            "ipv6_access_type": "",
            "ipv6_cidr_range": "",
            "log_config": [],
            "name": "prb-subnet",
            "network": "https://www.googleapis.com/compute/v1/projects/patroni-bench/global/networks/prb-network",
            "private_ip_google_access": false,
            "private_ipv6_google_access": "DISABLE_GOOGLE_ACCESS",
            "project": "patroni-bench",
            "purpose": "PRIVATE",
            "region": "europe-west1",
            "role": "",
            "secondary_ip_range": [],
            "self_link": "https://www.googleapis.com/compute/v1/projects/patroni-bench/regions/europe-west1/subnetworks/prb-subnet",
            "send_secondary_ip_range_if_empty": null,
            "stack_type": "IPV4_ONLY",
            "timeouts": null
          },
          "sensitive_attributes": [],
          "identity_schema_version": 0,
          "private": "eyJlMmJmYjczMC1lY2FhLTExZTYtOGY4OC0zNDM2M2JjN2M0YzAiOnsiY3JlYXRlIjoxMjAwMDAwMDAwMDAwLCJkZWxldGUiOjEyMDAwMDAwMDAwMDAsInVwZGF0ZSI6MTIwMDAwMDAwMDAwMH19",
          "dependencies": [
            "module.network.google_compute_network.prb"
          ]
        }
      ]
    },
    {
      "module": "module.observer",
      "mode": "managed",
      "type": "google_compute_instance",
      "name": "vm",
      "provider": "provider[\"registry.terraform.io/hashicorp/google\"]",
      "instances": [
        {
          "schema_version": 6,
          "attributes": {
            "advanced_machine_features": [],
            "allow_stopping_for_update": true,
            "attached_disk": [],
            "boot_disk": [
              {
                "auto_delete": true,
                "device_name": "persistent-disk-0",
                "disk_encryption_key_raw": "",
                "disk_encryption_key_sha256": "",
                "initialize_params": [
                  {
                    "enable_confidential_compute": false,
                    "image": "https://www.googleapis.com/compute/v1/projects/ubuntu-os-cloud/global/images/ubuntu-2404-noble-amd64-v20260503",
                    "labels": {},
                    "provisioned_iops": 0,
                    "provisioned_throughput": 0,
                    "resource_manager_tags": null,
                    "size": 20,
                    "storage_pool": "",
                    "type": "pd-ssd"
                  }
                ],
                "kms_key_self_link": "",
                "mode": "READ_WRITE",
                "source": "https://www.googleapis.com/compute/v1/projects/patroni-bench/zones/europe-west1-b/disks/observer"
              }
            ],
            "can_ip_forward": false,
            "confidential_instance_config": [],
            "cpu_platform": "Intel Broadwell",
            "current_status": "RUNNING",
            "deletion_protection": false,
            "description": "",
            "desired_status": null,
            "effective_labels": {
              "env": "prb",
              "role": "observer"
            },
            "enable_display": false,
            "guest_accelerator": [],
            "hostname": "",
            "id": "projects/patroni-bench/zones/europe-west1-b/instances/observer",
            "instance_id": "8335584252394794173",
            "label_fingerprint": "-cGM4r0tqYc=",
            "labels": {
              "env": "prb",
              "role": "observer"
            },
            "machine_type": "e2-medium",
            "metadata": {
              "block-project-ssh-keys": "true",
              "ssh-keys": "deploy:ssh-ed25519 AAAAC3NzaC1lZDI1NTE5AAAAIFosB2upd2duiOU6ZWnT5OuReEl3wy1EO5CFMiRg8n4l lluesma@patroni-bench\n"
            },
            "metadata_fingerprint": "HrXdplIKzDc=",
            "metadata_startup_script": null,
            "min_cpu_platform": "",
            "name": "observer",
            "network_interface": [
              {
                "access_config": [
                  {
                    "nat_ip": "35.187.90.64",
                    "network_tier": "PREMIUM",
                    "public_ptr_domain_name": ""
                  }
                ],
                "alias_ip_range": [],
                "internal_ipv6_prefix_length": 0,
                "ipv6_access_config": [],
                "ipv6_access_type": "",
                "ipv6_address": "",
                "name": "nic0",
                "network": "https://www.googleapis.com/compute/v1/projects/patroni-bench/global/networks/prb-network",
                "network_ip": "10.0.1.40",
                "nic_type": "",
                "queue_count": 0,
                "stack_type": "IPV4_ONLY",
                "subnetwork": "https://www.googleapis.com/compute/v1/projects/patroni-bench/regions/europe-west1/subnetworks/prb-subnet",
                "subnetwork_project": "patroni-bench"
              }
            ],
            "network_performance_config": [],
            "params": [],
            "project": "patroni-bench",
            "reservation_affinity": [],
            "resource_policies": null,
            "scheduling": [
              {
                "automatic_restart": true,
                "instance_termination_action": "",
                "local_ssd_recovery_timeout": [],
                "max_run_duration": [],
                "min_node_cpus": 0,
                "node_affinities": [],
                "on_host_maintenance": "MIGRATE",
                "on_instance_stop_action": [],
                "preemptible": false,
                "provisioning_model": "STANDARD"
              }
            ],
            "scratch_disk": [],
            "self_link": "https://www.googleapis.com/compute/v1/projects/patroni-bench/zones/europe-west1-b/instances/observer",
            "service_account": [],
            "shielded_instance_config": [
              {
                "enable_integrity_monitoring": true,
                "enable_secure_boot": false,
                "enable_vtpm": true
              }
            ],
            "tags": [
              "observer"
            ],
            "tags_fingerprint": "6Ln1Fp8BprA=",
            "terraform_labels": {
              "env": "prb",
              "role": "observer"
            },
            "timeouts": null,
            "zone": "europe-west1-b"
          },
          "sensitive_attributes": [
            [
              {
                "type": "get_attr",
                "value": "boot_disk"
              },
              {
                "type": "index",
                "value": {
                  "value": 0,
                  "type": "number"
                }
              },
              {
                "type": "get_attr",
                "value": "disk_encryption_key_raw"
              }
            ]
          ],
          "identity_schema_version": 0,
          "private": "eyJlMmJmYjczMC1lY2FhLTExZTYtOGY4OC0zNDM2M2JjN2M0YzAiOnsiY3JlYXRlIjoxMjAwMDAwMDAwMDAwLCJkZWxldGUiOjEyMDAwMDAwMDAwMDAsInVwZGF0ZSI6MTIwMDAwMDAwMDAwMH0sInNjaGVtYV92ZXJzaW9uIjoiNiJ9",
          "dependencies": [
            "module.network.google_compute_network.prb",
            "module.network.google_compute_subnetwork.prb"
          ]
        }
      ]
    },
    {
      "module": "module.patroni_1",
      "mode": "managed",
      "type": "google_compute_instance",
      "name": "vm",
      "provider": "provider[\"registry.terraform.io/hashicorp/google\"]",
      "instances": [
        {
          "schema_version": 6,
          "attributes": {
            "advanced_machine_features": [],
            "allow_stopping_for_update": true,
            "attached_disk": [],
            "boot_disk": [
              {
                "auto_delete": true,
                "device_name": "persistent-disk-0",
                "disk_encryption_key_raw": "",
                "disk_encryption_key_sha256": "",
                "initialize_params": [
                  {
                    "enable_confidential_compute": false,
                    "image": "https://www.googleapis.com/compute/v1/projects/ubuntu-os-cloud/global/images/ubuntu-2404-noble-amd64-v20260503",
                    "labels": {},
                    "provisioned_iops": 0,
                    "provisioned_throughput": 0,
                    "resource_manager_tags": null,
                    "size": 20,
                    "storage_pool": "",
                    "type": "pd-ssd"
                  }
                ],
                "kms_key_self_link": "",
                "mode": "READ_WRITE",
                "source": "https://www.googleapis.com/compute/v1/projects/patroni-bench/zones/europe-west1-b/disks/patroni-1"
              }
            ],
            "can_ip_forward": false,
            "confidential_instance_config": [],
            "cpu_platform": "Intel Broadwell",
            "current_status": "RUNNING",
            "deletion_protection": false,
            "description": "",
            "desired_status": null,
            "effective_labels": {
              "env": "prb",
              "role": "patroni"
            },
            "enable_display": false,
            "guest_accelerator": [],
            "hostname": "",
            "id": "projects/patroni-bench/zones/europe-west1-b/instances/patroni-1",
            "instance_id": "8223490167224462525",
            "label_fingerprint": "KYMICi2A9aM=",
            "labels": {
              "env": "prb",
              "role": "patroni"
            },
            "machine_type": "e2-medium",
            "metadata": {
              "block-project-ssh-keys": "true",
              "ssh-keys": "deploy:ssh-ed25519 AAAAC3NzaC1lZDI1NTE5AAAAIFosB2upd2duiOU6ZWnT5OuReEl3wy1EO5CFMiRg8n4l lluesma@patroni-bench\n"
            },
            "metadata_fingerprint": "HrXdplIKzDc=",
            "metadata_startup_script": null,
            "min_cpu_platform": "",
            "name": "patroni-1",
            "network_interface": [
              {
                "access_config": [
                  {
                    "nat_ip": "34.77.84.114",
                    "network_tier": "PREMIUM",
                    "public_ptr_domain_name": ""
                  }
                ],
                "alias_ip_range": [],
                "internal_ipv6_prefix_length": 0,
                "ipv6_access_config": [],
                "ipv6_access_type": "",
                "ipv6_address": "",
                "name": "nic0",
                "network": "https://www.googleapis.com/compute/v1/projects/patroni-bench/global/networks/prb-network",
                "network_ip": "10.0.1.10",
                "nic_type": "",
                "queue_count": 0,
                "stack_type": "IPV4_ONLY",
                "subnetwork": "https://www.googleapis.com/compute/v1/projects/patroni-bench/regions/europe-west1/subnetworks/prb-subnet",
                "subnetwork_project": "patroni-bench"
              }
            ],
            "network_performance_config": [],
            "params": [],
            "project": "patroni-bench",
            "reservation_affinity": [],
            "resource_policies": null,
            "scheduling": [
              {
                "automatic_restart": true,
                "instance_termination_action": "",
                "local_ssd_recovery_timeout": [],
                "max_run_duration": [],
                "min_node_cpus": 0,
                "node_affinities": [],
                "on_host_maintenance": "MIGRATE",
                "on_instance_stop_action": [],
                "preemptible": false,
                "provisioning_model": "STANDARD"
              }
            ],
            "scratch_disk": [],
            "self_link": "https://www.googleapis.com/compute/v1/projects/patroni-bench/zones/europe-west1-b/instances/patroni-1",
            "service_account": [],
            "shielded_instance_config": [
              {
                "enable_integrity_monitoring": true,
                "enable_secure_boot": false,
                "enable_vtpm": true
              }
            ],
            "tags": [
              "patroni"
            ],
            "tags_fingerprint": "-uknkuLurZg=",
            "terraform_labels": {
              "env": "prb",
              "role": "patroni"
            },
            "timeouts": null,
            "zone": "europe-west1-b"
          },
          "sensitive_attributes": [
            [
              {
                "type": "get_attr",
                "value": "boot_disk"
              },
              {
                "type": "index",
                "value": {
                  "value": 0,
                  "type": "number"
                }
              },
              {
                "type": "get_attr",
                "value": "disk_encryption_key_raw"
              }
            ]
          ],
          "identity_schema_version": 0,
          "private": "eyJlMmJmYjczMC1lY2FhLTExZTYtOGY4OC0zNDM2M2JjN2M0YzAiOnsiY3JlYXRlIjoxMjAwMDAwMDAwMDAwLCJkZWxldGUiOjEyMDAwMDAwMDAwMDAsInVwZGF0ZSI6MTIwMDAwMDAwMDAwMH0sInNjaGVtYV92ZXJzaW9uIjoiNiJ9",
          "dependencies": [
            "module.network.google_compute_network.prb",
            "module.network.google_compute_subnetwork.prb"
          ]
        }
      ]
    },
    {
      "module": "module.patroni_2",
      "mode": "managed",
      "type": "google_compute_instance",
      "name": "vm",
      "provider": "provider[\"registry.terraform.io/hashicorp/google\"]",
      "instances": [
        {
          "schema_version": 6,
          "attributes": {
            "advanced_machine_features": [],
            "allow_stopping_for_update": true,
            "attached_disk": [],
            "boot_disk": [
              {
                "auto_delete": true,
                "device_name": "persistent-disk-0",
                "disk_encryption_key_raw": "",
                "disk_encryption_key_sha256": "",
                "initialize_params": [
                  {
                    "enable_confidential_compute": false,
                    "image": "https://www.googleapis.com/compute/v1/projects/ubuntu-os-cloud/global/images/ubuntu-2404-noble-amd64-v20260503",
                    "labels": {},
                    "provisioned_iops": 0,
                    "provisioned_throughput": 0,
                    "resource_manager_tags": null,
                    "size": 20,
                    "storage_pool": "",
                    "type": "pd-ssd"
                  }
                ],
                "kms_key_self_link": "",
                "mode": "READ_WRITE",
                "source": "https://www.googleapis.com/compute/v1/projects/patroni-bench/zones/europe-west1-b/disks/patroni-2"
              }
            ],
            "can_ip_forward": false,
            "confidential_instance_config": [],
            "cpu_platform": "Intel Broadwell",
            "current_status": "RUNNING",
            "deletion_protection": false,
            "description": "",
            "desired_status": null,
            "effective_labels": {
              "env": "prb",
              "role": "patroni"
            },
            "enable_display": false,
            "guest_accelerator": [],
            "hostname": "",
            "id": "projects/patroni-bench/zones/europe-west1-b/instances/patroni-2",
            "instance_id": "22836704965881021",
            "label_fingerprint": "KYMICi2A9aM=",
            "labels": {
              "env": "prb",
              "role": "patroni"
            },
            "machine_type": "e2-medium",
            "metadata": {
              "block-project-ssh-keys": "true",
              "ssh-keys": "deploy:ssh-ed25519 AAAAC3NzaC1lZDI1NTE5AAAAIFosB2upd2duiOU6ZWnT5OuReEl3wy1EO5CFMiRg8n4l lluesma@patroni-bench\n"
            },
            "metadata_fingerprint": "HrXdplIKzDc=",
            "metadata_startup_script": null,
            "min_cpu_platform": "",
            "name": "patroni-2",
            "network_interface": [
              {
                "access_config": [
                  {
                    "nat_ip": "104.199.13.191",
                    "network_tier": "PREMIUM",
                    "public_ptr_domain_name": ""
                  }
                ],
                "alias_ip_range": [],
                "internal_ipv6_prefix_length": 0,
                "ipv6_access_config": [],
                "ipv6_access_type": "",
                "ipv6_address": "",
                "name": "nic0",
                "network": "https://www.googleapis.com/compute/v1/projects/patroni-bench/global/networks/prb-network",
                "network_ip": "10.0.1.11",
                "nic_type": "",
                "queue_count": 0,
                "stack_type": "IPV4_ONLY",
                "subnetwork": "https://www.googleapis.com/compute/v1/projects/patroni-bench/regions/europe-west1/subnetworks/prb-subnet",
                "subnetwork_project": "patroni-bench"
              }
            ],
            "network_performance_config": [],
            "params": [],
            "project": "patroni-bench",
            "reservation_affinity": [],
            "resource_policies": null,
            "scheduling": [
              {
                "automatic_restart": true,
                "instance_termination_action": "",
                "local_ssd_recovery_timeout": [],
                "max_run_duration": [],
                "min_node_cpus": 0,
                "node_affinities": [],
                "on_host_maintenance": "MIGRATE",
                "on_instance_stop_action": [],
                "preemptible": false,
                "provisioning_model": "STANDARD"
              }
            ],
            "scratch_disk": [],
            "self_link": "https://www.googleapis.com/compute/v1/projects/patroni-bench/zones/europe-west1-b/instances/patroni-2",
            "service_account": [],
            "shielded_instance_config": [
              {
                "enable_integrity_monitoring": true,
                "enable_secure_boot": false,
                "enable_vtpm": true
              }
            ],
            "tags": [
              "patroni"
            ],
            "tags_fingerprint": "-uknkuLurZg=",
            "terraform_labels": {
              "env": "prb",
              "role": "patroni"
            },
            "timeouts": null,
            "zone": "europe-west1-b"
          },
          "sensitive_attributes": [
            [
              {
                "type": "get_attr",
                "value": "boot_disk"
              },
              {
                "type": "index",
                "value": {
                  "value": 0,
                  "type": "number"
                }
              },
              {
                "type": "get_attr",
                "value": "disk_encryption_key_raw"
              }
            ]
          ],
          "identity_schema_version": 0,
          "private": "eyJlMmJmYjczMC1lY2FhLTExZTYtOGY4OC0zNDM2M2JjN2M0YzAiOnsiY3JlYXRlIjoxMjAwMDAwMDAwMDAwLCJkZWxldGUiOjEyMDAwMDAwMDAwMDAsInVwZGF0ZSI6MTIwMDAwMDAwMDAwMH0sInNjaGVtYV92ZXJzaW9uIjoiNiJ9",
          "dependencies": [
            "module.network.google_compute_network.prb",
            "module.network.google_compute_subnetwork.prb"
          ]
        }
      ]
    },
    {
      "module": "module.patroni_3",
      "mode": "managed",
      "type": "google_compute_instance",
      "name": "vm",
      "provider": "provider[\"registry.terraform.io/hashicorp/google\"]",
      "instances": [
        {
          "schema_version": 6,
          "attributes": {
            "advanced_machine_features": [],
            "allow_stopping_for_update": true,
            "attached_disk": [],
            "boot_disk": [
              {
                "auto_delete": true,
                "device_name": "persistent-disk-0",
                "disk_encryption_key_raw": "",
                "disk_encryption_key_sha256": "",
                "initialize_params": [
                  {
                    "enable_confidential_compute": false,
                    "image": "https://www.googleapis.com/compute/v1/projects/ubuntu-os-cloud/global/images/ubuntu-2404-noble-amd64-v20260503",
                    "labels": {},
                    "provisioned_iops": 0,
                    "provisioned_throughput": 0,
                    "resource_manager_tags": null,
                    "size": 20,
                    "storage_pool": "",
                    "type": "pd-ssd"
                  }
                ],
                "kms_key_self_link": "",
                "mode": "READ_WRITE",
                "source": "https://www.googleapis.com/compute/v1/projects/patroni-bench/zones/europe-west1-b/disks/patroni-3"
              }
            ],
            "can_ip_forward": false,
            "confidential_instance_config": [],
            "cpu_platform": "Intel Broadwell",
            "current_status": "RUNNING",
            "deletion_protection": false,
            "description": "",
            "desired_status": null,
            "effective_labels": {
              "env": "prb",
              "role": "patroni"
            },
            "enable_display": false,
            "guest_accelerator": [],
            "hostname": "",
            "id": "projects/patroni-bench/zones/europe-west1-b/instances/patroni-3",
            "instance_id": "4471125533045091517",
            "label_fingerprint": "KYMICi2A9aM=",
            "labels": {
              "env": "prb",
              "role": "patroni"
            },
            "machine_type": "e2-medium",
            "metadata": {
              "block-project-ssh-keys": "true",
              "ssh-keys": "deploy:ssh-ed25519 AAAAC3NzaC1lZDI1NTE5AAAAIFosB2upd2duiOU6ZWnT5OuReEl3wy1EO5CFMiRg8n4l lluesma@patroni-bench\n"
            },
            "metadata_fingerprint": "HrXdplIKzDc=",
            "metadata_startup_script": null,
            "min_cpu_platform": "",
            "name": "patroni-3",
            "network_interface": [
              {
                "access_config": [
                  {
                    "nat_ip": "34.38.193.53",
                    "network_tier": "PREMIUM",
                    "public_ptr_domain_name": ""
                  }
                ],
                "alias_ip_range": [],
                "internal_ipv6_prefix_length": 0,
                "ipv6_access_config": [],
                "ipv6_access_type": "",
                "ipv6_address": "",
                "name": "nic0",
                "network": "https://www.googleapis.com/compute/v1/projects/patroni-bench/global/networks/prb-network",
                "network_ip": "10.0.1.12",
                "nic_type": "",
                "queue_count": 0,
                "stack_type": "IPV4_ONLY",
                "subnetwork": "https://www.googleapis.com/compute/v1/projects/patroni-bench/regions/europe-west1/subnetworks/prb-subnet",
                "subnetwork_project": "patroni-bench"
              }
            ],
            "network_performance_config": [],
            "params": [],
            "project": "patroni-bench",
            "reservation_affinity": [],
            "resource_policies": null,
            "scheduling": [
              {
                "automatic_restart": true,
                "instance_termination_action": "",
                "local_ssd_recovery_timeout": [],
                "max_run_duration": [],
                "min_node_cpus": 0,
                "node_affinities": [],
                "on_host_maintenance": "MIGRATE",
                "on_instance_stop_action": [],
                "preemptible": false,
                "provisioning_model": "STANDARD"
              }
            ],
            "scratch_disk": [],
            "self_link": "https://www.googleapis.com/compute/v1/projects/patroni-bench/zones/europe-west1-b/instances/patroni-3",
            "service_account": [],
            "shielded_instance_config": [
              {
                "enable_integrity_monitoring": true,
                "enable_secure_boot": false,
                "enable_vtpm": true
              }
            ],
            "tags": [
              "patroni"
            ],
            "tags_fingerprint": "-uknkuLurZg=",
            "terraform_labels": {
              "env": "prb",
              "role": "patroni"
            },
            "timeouts": null,
            "zone": "europe-west1-b"
          },
          "sensitive_attributes": [
            [
              {
                "type": "get_attr",
                "value": "boot_disk"
              },
              {
                "type": "index",
                "value": {
                  "value": 0,
                  "type": "number"
                }
              },
              {
                "type": "get_attr",
                "value": "disk_encryption_key_raw"
              }
            ]
          ],
          "identity_schema_version": 0,
          "private": "eyJlMmJmYjczMC1lY2FhLTExZTYtOGY4OC0zNDM2M2JjN2M0YzAiOnsiY3JlYXRlIjoxMjAwMDAwMDAwMDAwLCJkZWxldGUiOjEyMDAwMDAwMDAwMDAsInVwZGF0ZSI6MTIwMDAwMDAwMDAwMH0sInNjaGVtYV92ZXJzaW9uIjoiNiJ9",
          "dependencies": [
            "module.network.google_compute_network.prb",
            "module.network.google_compute_subnetwork.prb"
          ]
        }
      ]
    }
  ],
  "check_results": null
}
